Microsoft Visual Studio Solution File, Format Version 12.00
# Visual Studio Version 17
VisualStudioVersion = 17.5.2.0
MinimumVisualStudioVersion = 10.0.40219.1
Project("{FAE04EC0-301F-11D3-BF4B-00C04F79EFBC}") = "Day7App", "Day7App\Day7App.csproj", "{B8333925-745B-E8FF-C474-6A5054CEA333}"
EndProject
Global
	GlobalSection(SolutionConfigurationPlatforms) = preSolution
		Debug|Any CPU = Debug|Any CPU
		Release|Any CPU = Release|Any CPU
	EndGlobalSection
	GlobalSection(ProjectConfigurationPlatforms) = postSolution
		{B8333925-745B-E8FF-C474-6A5054CEA333}.Debug|Any CPU.ActiveCfg = Debug|Any CPU
		{B8333925-745B-E8FF-C474-6A5054CEA333}.Debug|Any CPU.Build.0 = Debug|Any CPU
		{B8333925-745B-E8FF-C474-6A5054CEA333}.Release|Any CPU.ActiveCfg = Release|Any CPU
		{B8333925-745B-E8FF-C474-6A5054CEA333}.Release|Any CPU.Build.0 = Release|Any CPU
	EndGlobalSection
	GlobalSection(SolutionProperties) = preSolution
		HideSolutionNode = FALSE
	EndGlobalSection
	GlobalSection(ExtensibilityGlobals) = postSolution
		SolutionGuid = {02291108-7562-46C1-A0D8-1B5403D04372}
	EndGlobalSection
EndGlobal
