Microsoft Visual Studio Solution File, Format Version 12.00
# Visual Studio Version 17
VisualStudioVersion = 17.5.2.0
MinimumVisualStudioVersion = 10.0.40219.1
Project("{FAE04EC0-301F-11D3-BF4B-00C04F79EFBC}") = "Day10_solidprin", "Day10_solidprin.csproj", "{BF55163A-161D-CC8F-65D9-B91E8EF730DE}"
EndProject
Global
	GlobalSection(SolutionConfigurationPlatforms) = preSolution
		Debug|Any CPU = Debug|Any CPU
		Release|Any CPU = Release|Any CPU
	EndGlobalSection
	GlobalSection(ProjectConfigurationPlatforms) = postSolution
		{BF55163A-161D-CC8F-65D9-B91E8EF730DE}.Debug|Any CPU.ActiveCfg = Debug|Any CPU
		{BF55163A-161D-CC8F-65D9-B91E8EF730DE}.Debug|Any CPU.Build.0 = Debug|Any CPU
		{BF55163A-161D-CC8F-65D9-B91E8EF730DE}.Release|Any CPU.ActiveCfg = Release|Any CPU
		{BF55163A-161D-CC8F-65D9-B91E8EF730DE}.Release|Any CPU.Build.0 = Release|Any CPU
	EndGlobalSection
	GlobalSection(SolutionProperties) = preSolution
		HideSolutionNode = FALSE
	EndGlobalSection
	GlobalSection(ExtensibilityGlobals) = postSolution
		SolutionGuid = {5773BBBB-21B4-4F68-B17F-6C34E8C26EEB}
	EndGlobalSection
EndGlobal
